
Microsoft Visual Studio Solution File, Format Version 12.00
# Visual Studio 15
VisualStudioVersion = 15.0.27004.2009
MinimumVisualStudioVersion = 10.0.40219.1
Project("{FAE04EC0-301F-11D3-BF4B-00C04F79EFBC}") = "PapaBobsPizza", "PapaBobsPizza\PapaBobsPizza.csproj", "{C29DA2E7-3E10-4122-BE8D-EEB25F8FEB60}"
EndProject
Global
	GlobalSection(SolutionConfigurationPlatforms) = preSolution
		Debug|Any CPU = Debug|Any CPU
		Release|Any CPU = Release|Any CPU
	EndGlobalSection
	GlobalSection(ProjectConfigurationPlatforms) = postSolution
		{C29DA2E7-3E10-4122-BE8D-EEB25F8FEB60}.Debug|Any CPU.ActiveCfg = Debug|Any CPU
		{C29DA2E7-3E10-4122-BE8D-EEB25F8FEB60}.Debug|Any CPU.Build.0 = Debug|Any CPU
		{C29DA2E7-3E10-4122-BE8D-EEB25F8FEB60}.Release|Any CPU.ActiveCfg = Release|Any CPU
		{C29DA2E7-3E10-4122-BE8D-EEB25F8FEB60}.Release|Any CPU.Build.0 = Release|Any CPU
	EndGlobalSection
	GlobalSection(SolutionProperties) = preSolution
		HideSolutionNode = FALSE
	EndGlobalSection
	GlobalSection(ExtensibilityGlobals) = postSolution
		SolutionGuid = {ECA92127-9593-4A70-9379-688C69E7D1D6}
	EndGlobalSection
EndGlobal
